
Microsoft Visual Studio Solution File, Format Version 12.00
# Visual Studio 15
VisualStudioVersion = 15.0.27703.2035
MinimumVisualStudioVersion = 10.0.40219.1
Project("{FAE04EC0-301F-11D3-BF4B-00C04F79EFBC}") = "DesignPatterns.Examples", "DesignPatterns.Examples\DesignPatterns.Examples.csproj", "{2545F7D0-1AFA-4ED2-9051-4FF03EE89520}"
EndProject
Global
	GlobalSection(SolutionConfigurationPlatforms) = preSolution
		Debug|Any CPU = Debug|Any CPU
		Release|Any CPU = Release|Any CPU
	EndGlobalSection
	GlobalSection(ProjectConfigurationPlatforms) = postSolution
		{2545F7D0-1AFA-4ED2-9051-4FF03EE89520}.Debug|Any CPU.ActiveCfg = Debug|Any CPU
		{2545F7D0-1AFA-4ED2-9051-4FF03EE89520}.Debug|Any CPU.Build.0 = Debug|Any CPU
		{2545F7D0-1AFA-4ED2-9051-4FF03EE89520}.Release|Any CPU.ActiveCfg = Release|Any CPU
		{2545F7D0-1AFA-4ED2-9051-4FF03EE89520}.Release|Any CPU.Build.0 = Release|Any CPU
	EndGlobalSection
	GlobalSection(SolutionProperties) = preSolution
		HideSolutionNode = FALSE
	EndGlobalSection
	GlobalSection(ExtensibilityGlobals) = postSolution
		SolutionGuid = {26A8472A-F1F1-44D9-B170-555B6818EC39}
	EndGlobalSection
EndGlobal
